
Microsoft Visual Studio Solution File, Format Version 12.00
# Visual Studio 2013
VisualStudioVersion = 12.0.30626.0
MinimumVisualStudioVersion = 10.0.40219.1
Project("{FAE04EC0-301F-11D3-BF4B-00C04F79EFBC}") = "EnjoyUmbraco", "EnjoyUmbraco\EnjoyUmbraco.csproj", "{D0F940E4-674A-40C0-81D6-D1DBE2588FEB}"
EndProject
Project("{2150E333-8FDC-42A3-9474-1A3956D46DE8}") = "PublishScripts", "PublishScripts", "{5546633B-1D4A-4326-9E71-D3BF99D9B03F}"
	ProjectSection(SolutionItems) = preProject
		PublishScripts\AzureWebsitePublishModule.psm1 = PublishScripts\AzureWebsitePublishModule.psm1
		PublishScripts\Publish-WebApplicationWebsite.ps1 = PublishScripts\Publish-WebApplicationWebsite.ps1
	EndProjectSection
EndProject
Project("{2150E333-8FDC-42A3-9474-1A3956D46DE8}") = "Configurations", "Configurations", "{DC1D1141-C8DA-4F96-9602-B81BB04A302A}"
	ProjectSection(SolutionItems) = preProject
		PublishScripts\Configurations\EnjoyUmbraco-WAWS-dev.json = PublishScripts\Configurations\EnjoyUmbraco-WAWS-dev.json
	EndProjectSection
EndProject
Global
	GlobalSection(SolutionConfigurationPlatforms) = preSolution
		Debug|Any CPU = Debug|Any CPU
		Release|Any CPU = Release|Any CPU
	EndGlobalSection
	GlobalSection(ProjectConfigurationPlatforms) = postSolution
		{D0F940E4-674A-40C0-81D6-D1DBE2588FEB}.Debug|Any CPU.ActiveCfg = Debug|Any CPU
		{D0F940E4-674A-40C0-81D6-D1DBE2588FEB}.Debug|Any CPU.Build.0 = Debug|Any CPU
		{D0F940E4-674A-40C0-81D6-D1DBE2588FEB}.Release|Any CPU.ActiveCfg = Release|Any CPU
		{D0F940E4-674A-40C0-81D6-D1DBE2588FEB}.Release|Any CPU.Build.0 = Release|Any CPU
	EndGlobalSection
	GlobalSection(SolutionProperties) = preSolution
		HideSolutionNode = FALSE
	EndGlobalSection
	GlobalSection(NestedProjects) = preSolution
		{DC1D1141-C8DA-4F96-9602-B81BB04A302A} = {5546633B-1D4A-4326-9E71-D3BF99D9B03F}
	EndGlobalSection
EndGlobal
